
Microsoft Visual Studio Solution File, Format Version 12.00
# Visual Studio Version 17
VisualStudioVersion = 17.14.37027.9 d17.14
MinimumVisualStudioVersion = 10.0.40219.1
Project("{888888A0-9F3D-457C-B088-3A5042F75D52}") = "Warehouse_Servo", "Warehouse_Servo\Warehouse_Servo.pyproj", "{8CB18298-2AF5-47A6-9EA1-CAB3124DC135}"
EndProject
Global
	GlobalSection(SolutionConfigurationPlatforms) = preSolution
		Debug|Any CPU = Debug|Any CPU
		Release|Any CPU = Release|Any CPU
	EndGlobalSection
	GlobalSection(ProjectConfigurationPlatforms) = postSolution
		{8CB18298-2AF5-47A6-9EA1-CAB3124DC135}.Debug|Any CPU.ActiveCfg = Debug|Any CPU
		{8CB18298-2AF5-47A6-9EA1-CAB3124DC135}.Release|Any CPU.ActiveCfg = Release|Any CPU
	EndGlobalSection
	GlobalSection(SolutionProperties) = preSolution
		HideSolutionNode = FALSE
	EndGlobalSection
	GlobalSection(ExtensibilityGlobals) = postSolution
		SolutionGuid = {C1183294-89D6-42A5-B913-AA0A7B104234}
	EndGlobalSection
EndGlobal
